{
  "requires": true,
  "lockfileVersion": 1,
  "dependencies": {
    "trumbowyg": {
      "version": "2.22.0",
      "resolved": "https://registry.npmjs.org/trumbowyg/-/trumbowyg-2.22.0.tgz",
      "integrity": "sha512-ABZ5mpg5Y/MX0nDeLyg5N0nHwpIcxehAdhuC/MpF6FD2Un2ThB1L3TySXwGOx/Q6LtaErmEgQK2lp+Jq4KW40A=="
    }
  }
}
